
Microsoft Visual Studio Solution File, Format Version 12.00
# Visual Studio Version 17
VisualStudioVersion = 17.3.32804.467
MinimumVisualStudioVersion = 10.0.40219.1
Project("{FAE04EC0-301F-11D3-BF4B-00C04F79EFBC}") = "SkyGit", "SkyGit.csproj", "{BA12E672-29CC-4702-AD1A-A46A320B49F7}"
EndProject
Global
	GlobalSection(SolutionConfigurationPlatforms) = preSolution
		Debug|Any CPU = Debug|Any CPU
		Release|Any CPU = Release|Any CPU
	EndGlobalSection
	GlobalSection(ProjectConfigurationPlatforms) = postSolution
		{BA12E672-29CC-4702-AD1A-A46A320B49F7}.Debug|Any CPU.ActiveCfg = Debug|Any CPU
		{BA12E672-29CC-4702-AD1A-A46A320B49F7}.Debug|Any CPU.Build.0 = Debug|Any CPU
		{BA12E672-29CC-4702-AD1A-A46A320B49F7}.Release|Any CPU.ActiveCfg = Release|Any CPU
		{BA12E672-29CC-4702-AD1A-A46A320B49F7}.Release|Any CPU.Build.0 = Release|Any CPU
	EndGlobalSection
	GlobalSection(SolutionProperties) = preSolution
		HideSolutionNode = FALSE
	EndGlobalSection
	GlobalSection(ExtensibilityGlobals) = postSolution
		SolutionGuid = {2431C5C1-0BC7-483F-A95A-B5CC39994EBE}
	EndGlobalSection
EndGlobal
